
Microsoft Visual Studio Solution File, Format Version 12.00
# Visual Studio Version 17
VisualStudioVersion = 17.8.34330.188
MinimumVisualStudioVersion = 10.0.40219.1
Project("{2150E333-8FDC-42A3-9474-1A3956D46DE8}") = "src", "src", "{74EDB694-8290-4740-AA9C-B5B6FEF18AB2}"
EndProject
Project("{2150E333-8FDC-42A3-9474-1A3956D46DE8}") = "Core", "Core", "{EC86E364-CA9C-4BFD-8113-C1E0679C23D4}"
EndProject
Project("{2150E333-8FDC-42A3-9474-1A3956D46DE8}") = "Infrastructure", "Infrastructure", "{9DD03398-6403-4823-A5B0-1B354681E717}"
EndProject
Project("{2150E333-8FDC-42A3-9474-1A3956D46DE8}") = "Presentation", "Presentation", "{BAA4A6E5-A6CE-473B-BF6A-C148ECB81E7A}"
EndProject
Project("{FAE04EC0-301F-11D3-BF4B-00C04F79EFBC}") = "Application", "Application\Application.csproj", "{FF674EB3-10E7-4DC4-A50B-165A90D0BA8D}"
EndProject
Project("{FAE04EC0-301F-11D3-BF4B-00C04F79EFBC}") = "Domain", "Domain\Domain.csproj", "{1AF047D1-6D0B-4148-AD5A-88A7DEED1768}"
EndProject
Project("{FAE04EC0-301F-11D3-BF4B-00C04F79EFBC}") = "Persistence", "Persistence\Persistence.csproj", "{4EB8C658-95CF-43B0-8F9F-62EF725F262E}"
EndProject
Project("{FAE04EC0-301F-11D3-BF4B-00C04F79EFBC}") = "Shared", "Shared\Shared.csproj", "{47F76F1C-4710-429D-A566-ED09E1F51C0E}"
EndProject
Project("{FAE04EC0-301F-11D3-BF4B-00C04F79EFBC}") = "WebAPI", "WebAPI\WebAPI.csproj", "{6E3CF288-4AFD-4221-BBB3-539EFCE6C5B0}"
EndProject
Global
	GlobalSection(SolutionConfigurationPlatforms) = preSolution
		Debug|Any CPU = Debug|Any CPU
		Release|Any CPU = Release|Any CPU
	EndGlobalSection
	GlobalSection(ProjectConfigurationPlatforms) = postSolution
		{FF674EB3-10E7-4DC4-A50B-165A90D0BA8D}.Debug|Any CPU.ActiveCfg = Debug|Any CPU
		{FF674EB3-10E7-4DC4-A50B-165A90D0BA8D}.Debug|Any CPU.Build.0 = Debug|Any CPU
		{FF674EB3-10E7-4DC4-A50B-165A90D0BA8D}.Release|Any CPU.ActiveCfg = Release|Any CPU
		{FF674EB3-10E7-4DC4-A50B-165A90D0BA8D}.Release|Any CPU.Build.0 = Release|Any CPU
		{1AF047D1-6D0B-4148-AD5A-88A7DEED1768}.Debug|Any CPU.ActiveCfg = Debug|Any CPU
		{1AF047D1-6D0B-4148-AD5A-88A7DEED1768}.Debug|Any CPU.Build.0 = Debug|Any CPU
		{1AF047D1-6D0B-4148-AD5A-88A7DEED1768}.Release|Any CPU.ActiveCfg = Release|Any CPU
		{1AF047D1-6D0B-4148-AD5A-88A7DEED1768}.Release|Any CPU.Build.0 = Release|Any CPU
		{4EB8C658-95CF-43B0-8F9F-62EF725F262E}.Debug|Any CPU.ActiveCfg = Debug|Any CPU
		{4EB8C658-95CF-43B0-8F9F-62EF725F262E}.Debug|Any CPU.Build.0 = Debug|Any CPU
		{4EB8C658-95CF-43B0-8F9F-62EF725F262E}.Release|Any CPU.ActiveCfg = Release|Any CPU
		{4EB8C658-95CF-43B0-8F9F-62EF725F262E}.Release|Any CPU.Build.0 = Release|Any CPU
		{47F76F1C-4710-429D-A566-ED09E1F51C0E}.Debug|Any CPU.ActiveCfg = Debug|Any CPU
		{47F76F1C-4710-429D-A566-ED09E1F51C0E}.Debug|Any CPU.Build.0 = Debug|Any CPU
		{47F76F1C-4710-429D-A566-ED09E1F51C0E}.Release|Any CPU.ActiveCfg = Release|Any CPU
		{47F76F1C-4710-429D-A566-ED09E1F51C0E}.Release|Any CPU.Build.0 = Release|Any CPU
		{6E3CF288-4AFD-4221-BBB3-539EFCE6C5B0}.Debug|Any CPU.ActiveCfg = Debug|Any CPU
		{6E3CF288-4AFD-4221-BBB3-539EFCE6C5B0}.Debug|Any CPU.Build.0 = Debug|Any CPU
		{6E3CF288-4AFD-4221-BBB3-539EFCE6C5B0}.Release|Any CPU.ActiveCfg = Release|Any CPU
		{6E3CF288-4AFD-4221-BBB3-539EFCE6C5B0}.Release|Any CPU.Build.0 = Release|Any CPU
	EndGlobalSection
	GlobalSection(SolutionProperties) = preSolution
		HideSolutionNode = FALSE
	EndGlobalSection
	GlobalSection(NestedProjects) = preSolution
		{EC86E364-CA9C-4BFD-8113-C1E0679C23D4} = {74EDB694-8290-4740-AA9C-B5B6FEF18AB2}
		{9DD03398-6403-4823-A5B0-1B354681E717} = {74EDB694-8290-4740-AA9C-B5B6FEF18AB2}
		{BAA4A6E5-A6CE-473B-BF6A-C148ECB81E7A} = {74EDB694-8290-4740-AA9C-B5B6FEF18AB2}
		{FF674EB3-10E7-4DC4-A50B-165A90D0BA8D} = {EC86E364-CA9C-4BFD-8113-C1E0679C23D4}
		{1AF047D1-6D0B-4148-AD5A-88A7DEED1768} = {EC86E364-CA9C-4BFD-8113-C1E0679C23D4}
		{4EB8C658-95CF-43B0-8F9F-62EF725F262E} = {9DD03398-6403-4823-A5B0-1B354681E717}
		{47F76F1C-4710-429D-A566-ED09E1F51C0E} = {9DD03398-6403-4823-A5B0-1B354681E717}
		{6E3CF288-4AFD-4221-BBB3-539EFCE6C5B0} = {BAA4A6E5-A6CE-473B-BF6A-C148ECB81E7A}
	EndGlobalSection
	GlobalSection(ExtensibilityGlobals) = postSolution
		SolutionGuid = {0F33ADF3-681D-46AE-8B90-08E941C98616}
	EndGlobalSection
EndGlobal
